<?xml version="1.0" encoding="utf-8"?>
<Project ToolsVersion="4.0" xmlns="http://schemas.microsoft.com/developer/msbuild/2003">
  <ItemGroup>
    <Filter Include="리소스 파일">
      <UniqueIdentifier>{67DA6AB6-F800-4c08-8B7A-83BB121AAD01}</UniqueIdentifier>
      <Extensions>rc;ico;cur;bmp;dlg;rc2;rct;bin;rgs;gif;jpg;jpeg;jpe;resx;tiff;tif;png;wav;mfcribbon-ms</Extensions>
    </Filter>
    <Filter Include="Main">
      <UniqueIdentifier>{a1dab0df-ce36-40d0-9fcc-930081bdbded}</UniqueIdentifier>
    </Filter>
    <Filter Include="Engine">
      <UniqueIdentifier>{bd416fc4-08c7-4268-9bc7-21cbcbb16162}</UniqueIdentifier>
    </Filter>
    <Filter Include="Engine\Common">
      <UniqueIdentifier>{8e13472a-a9df-49e3-8b4b-93a0ac00bb48}</UniqueIdentifier>
    </Filter>
    <Filter Include="Engine\Component">
      <UniqueIdentifier>{c6093a0a-98b8-4423-9a6d-dde78239b739}</UniqueIdentifier>
    </Filter>
    <Filter Include="Engine\GameObject">
      <UniqueIdentifier>{d746dd42-f1c0-45fe-a203-e3d67b1e3066}</UniqueIdentifier>
    </Filter>
    <Filter Include="Engine\High Level Interface">
      <UniqueIdentifier>{88f24d54-eb99-4274-8d1f-0af8cefd1019}</UniqueIdentifier>
    </Filter>
    <Filter Include="Engine\Input">
      <UniqueIdentifier>{f736334f-3451-471e-b053-fa73faafd9f4}</UniqueIdentifier>
    </Filter>
    <Filter Include="Engine\Layer">
      <UniqueIdentifier>{c1cf4dd7-c43f-4d2a-ba8c-a2fc05a38b31}</UniqueIdentifier>
    </Filter>
    <Filter Include="Engine\Scene">
      <UniqueIdentifier>{430cb763-75c8-4c8c-8428-2fb1e7fdb7e0}</UniqueIdentifier>
    </Filter>
    <Filter Include="Engine\Time">
      <UniqueIdentifier>{c6450542-807c-4c46-aa36-6667c2093cb1}</UniqueIdentifier>
    </Filter>
    <Filter Include="Contents">
      <UniqueIdentifier>{6ed4d9b1-a6a6-4ff8-8f3e-847e7d15f73c}</UniqueIdentifier>
    </Filter>
    <Filter Include="Contents\Scene">
      <UniqueIdentifier>{93691678-c80c-489c-959f-049748637b23}</UniqueIdentifier>
    </Filter>
    <Filter Include="Engine\Resource">
      <UniqueIdentifier>{46453165-0c59-429c-8fd0-21279e2c1db3}</UniqueIdentifier>
    </Filter>
    <Filter Include="Contents\Background">
      <UniqueIdentifier>{a1a9b247-87ef-4b1d-9cd1-bc3f726d5705}</UniqueIdentifier>
    </Filter>
    <Filter Include="Contents\Singers">
      <UniqueIdentifier>{d8603954-e5f7-437d-95db-81fa91991d6c}</UniqueIdentifier>
    </Filter>
    <Filter Include="Contents\Singers\Opponents">
      <UniqueIdentifier>{8b1fff38-bdc1-4a6d-bf01-8dc44f49c86c}</UniqueIdentifier>
    </Filter>
    <Filter Include="Contents\Singers\Player">
      <UniqueIdentifier>{93686333-b91b-4d73-acd0-fc350f37c06b}</UniqueIdentifier>
    </Filter>
  </ItemGroup>
  <ItemGroup>
    <ClInclude Include="FridayNightFunkin%27.h">
      <Filter>Main</Filter>
    </ClInclude>
    <ClInclude Include="CommonInclude.h">
      <Filter>Engine\Common</Filter>
    </ClInclude>
    <ClInclude Include="LuciEngine.h">
      <Filter>Engine\Common</Filter>
    </ClInclude>
    <ClInclude Include="LMath.h">
      <Filter>Engine\Common</Filter>
    </ClInclude>
    <ClInclude Include="LEnums.h">
      <Filter>Engine\Common</Filter>
    </ClInclude>
    <ClInclude Include="LEntity.h">
      <Filter>Engine\Common</Filter>
    </ClInclude>
    <ClInclude Include="LApplication.h">
      <Filter>Engine\High Level Interface</Filter>
    </ClInclude>
    <ClInclude Include="LScene.h">
      <Filter>Engine\Scene</Filter>
    </ClInclude>
    <ClInclude Include="LSceneManager.h">
      <Filter>Engine\Scene</Filter>
    </ClInclude>
    <ClInclude Include="LTime.h">
      <Filter>Engine\Time</Filter>
    </ClInclude>
    <ClInclude Include="LLayer.h">
      <Filter>Engine\Layer</Filter>
    </ClInclude>
    <ClInclude Include="LGameObject.h">
      <Filter>Engine\GameObject</Filter>
    </ClInclude>
    <ClInclude Include="LComponent.h">
      <Filter>Engine\Component</Filter>
    </ClInclude>
    <ClInclude Include="LInput.h">
      <Filter>Engine\Input</Filter>
    </ClInclude>
    <ClInclude Include="LResource.h">
      <Filter>Engine\Resource</Filter>
    </ClInclude>
    <ClInclude Include="LResources.h">
      <Filter>Engine\Resource</Filter>
    </ClInclude>
    <ClInclude Include="LImage.h">
      <Filter>Engine\Resource</Filter>
    </ClInclude>
    <ClInclude Include="framework.h">
      <Filter>Main</Filter>
    </ClInclude>
    <ClInclude Include="targetver.h">
      <Filter>Main</Filter>
    </ClInclude>
    <ClInclude Include="Resource.h">
      <Filter>Main</Filter>
    </ClInclude>
    <ClInclude Include="LWeek4Scene.h">
      <Filter>Contents\Scene</Filter>
    </ClInclude>
    <ClInclude Include="LOptionsScene.h">
      <Filter>Contents\Scene</Filter>
    </ClInclude>
    <ClInclude Include="LSplashScene.h">
      <Filter>Contents\Scene</Filter>
    </ClInclude>
    <ClInclude Include="LStoryModeScene.h">
      <Filter>Contents\Scene</Filter>
    </ClInclude>
    <ClInclude Include="LTitleScene.h">
      <Filter>Contents\Scene</Filter>
    </ClInclude>
    <ClInclude Include="LTutorialScene.h">
      <Filter>Contents\Scene</Filter>
    </ClInclude>
    <ClInclude Include="LWeek1Scene.h">
      <Filter>Contents\Scene</Filter>
    </ClInclude>
    <ClInclude Include="LWeek3Scene.h">
      <Filter>Contents\Scene</Filter>
    </ClInclude>
    <ClInclude Include="LWeek2Scene.h">
      <Filter>Contents\Scene</Filter>
    </ClInclude>
    <ClInclude Include="LStageBg.h">
      <Filter>Contents\Background</Filter>
    </ClInclude>
    <ClInclude Include="LSceneHeaders.h">
      <Filter>Engine\Scene</Filter>
    </ClInclude>
    <ClInclude Include="LTransform.h">
      <Filter>Engine\Component</Filter>
    </ClInclude>
    <ClInclude Include="LColorBlock.h">
      <Filter>Contents\Background</Filter>
    </ClInclude>
    <ClInclude Include="LNightCityBg.h">
      <Filter>Contents\Background</Filter>
    </ClInclude>
    <ClInclude Include="LHauntedBg.h">
      <Filter>Contents\Background</Filter>
    </ClInclude>
    <ClInclude Include="LLimousineBg.h">
      <Filter>Contents\Background</Filter>
    </ClInclude>
    <ClInclude Include="LPlayerOne.h">
      <Filter>Contents\Singers\Player</Filter>
    </ClInclude>
    <ClInclude Include="LSingers.h" />
    <ClInclude Include="LAnimation.h">
      <Filter>Engine\Component</Filter>
    </ClInclude>
    <ClInclude Include="LAnimator.h">
      <Filter>Engine\Component</Filter>
    </ClInclude>
  </ItemGroup>
  <ItemGroup>
    <ResourceCompile Include="FridayNightFunkin%27.rc">
      <Filter>리소스 파일</Filter>
    </ResourceCompile>
  </ItemGroup>
  <ItemGroup>
    <Image Include="small.ico">
      <Filter>리소스 파일</Filter>
    </Image>
    <Image Include="FridayNightFunkin%27.ico">
      <Filter>리소스 파일</Filter>
    </Image>
  </ItemGroup>
  <ItemGroup>
    <ClCompile Include="main.cpp">
      <Filter>Main</Filter>
    </ClCompile>
    <ClCompile Include="LEntity.cpp">
      <Filter>Engine\Common</Filter>
    </ClCompile>
    <ClCompile Include="LApplication.cpp">
      <Filter>Engine\High Level Interface</Filter>
    </ClCompile>
    <ClCompile Include="LScene.cpp">
      <Filter>Engine\Scene</Filter>
    </ClCompile>
    <ClCompile Include="LSceneManager.cpp">
      <Filter>Engine\Scene</Filter>
    </ClCompile>
    <ClCompile Include="LTime.cpp">
      <Filter>Engine\Time</Filter>
    </ClCompile>
    <ClCompile Include="LLayer.cpp">
      <Filter>Engine\Layer</Filter>
    </ClCompile>
    <ClCompile Include="LGameObject.cpp">
      <Filter>Engine\GameObject</Filter>
    </ClCompile>
    <ClCompile Include="LComponent.cpp">
      <Filter>Engine\Component</Filter>
    </ClCompile>
    <ClCompile Include="LInput.cpp">
      <Filter>Engine\Input</Filter>
    </ClCompile>
    <ClCompile Include="LResource.cpp">
      <Filter>Engine\Resource</Filter>
    </ClCompile>
    <ClCompile Include="LResources.cpp">
      <Filter>Engine\Resource</Filter>
    </ClCompile>
    <ClCompile Include="LImage.cpp">
      <Filter>Engine\Resource</Filter>
    </ClCompile>
    <ClCompile Include="LOptionsScene.cpp">
      <Filter>Contents\Scene</Filter>
    </ClCompile>
    <ClCompile Include="LSplashScene.cpp">
      <Filter>Contents\Scene</Filter>
    </ClCompile>
    <ClCompile Include="LStoryModeScene.cpp">
      <Filter>Contents\Scene</Filter>
    </ClCompile>
    <ClCompile Include="LTitleScene.cpp">
      <Filter>Contents\Scene</Filter>
    </ClCompile>
    <ClCompile Include="LTutorialScene.cpp">
      <Filter>Contents\Scene</Filter>
    </ClCompile>
    <ClCompile Include="LWeek1Scene.cpp">
      <Filter>Contents\Scene</Filter>
    </ClCompile>
    <ClCompile Include="LWeek3Scene.cpp">
      <Filter>Contents\Scene</Filter>
    </ClCompile>
    <ClCompile Include="LWeek4Scene.cpp">
      <Filter>Contents\Scene</Filter>
    </ClCompile>
    <ClCompile Include="LWeek2Scene.cpp">
      <Filter>Contents\Scene</Filter>
    </ClCompile>
    <ClCompile Include="LStageBg.cpp">
      <Filter>Contents\Background</Filter>
    </ClCompile>
    <ClCompile Include="LTransform.cpp">
      <Filter>Engine\Component</Filter>
    </ClCompile>
    <ClCompile Include="LColorBlock.cpp">
      <Filter>Contents\Background</Filter>
    </ClCompile>
    <ClCompile Include="LNightCityBg.cpp">
      <Filter>Contents\Background</Filter>
    </ClCompile>
    <ClCompile Include="LHauntedBg.cpp">
      <Filter>Contents\Background</Filter>
    </ClCompile>
    <ClCompile Include="LLimousineBg.cpp">
      <Filter>Contents\Background</Filter>
    </ClCompile>
    <ClCompile Include="LPlayerOne.cpp">
      <Filter>Contents\Singers\Player</Filter>
    </ClCompile>
    <ClCompile Include="LSingers.cpp" />
    <ClCompile Include="LAnimation.cpp">
      <Filter>Engine\Component</Filter>
    </ClCompile>
    <ClCompile Include="LAnimator.cpp">
      <Filter>Engine\Component</Filter>
    </ClCompile>
  </ItemGroup>
</Project>