<?xml version="1.0" encoding="utf-8"?>
<Project ToolsVersion="4.0" xmlns="http://schemas.microsoft.com/developer/msbuild/2003">
  <ItemGroup>
    <Filter Include="리소스 파일">
      <UniqueIdentifier>{67DA6AB6-F800-4c08-8B7A-83BB121AAD01}</UniqueIdentifier>
      <Extensions>rc;ico;cur;bmp;dlg;rc2;rct;bin;rgs;gif;jpg;jpeg;jpe;resx;tiff;tif;png;wav;mfcribbon-ms</Extensions>
    </Filter>
    <Filter Include="Contents">
      <UniqueIdentifier>{e2e189a4-7170-444c-9f0b-2ff3312027c8}</UniqueIdentifier>
    </Filter>
    <Filter Include="Engine">
      <UniqueIdentifier>{e1efb817-e854-48a5-a0ef-3fb32e8f717e}</UniqueIdentifier>
    </Filter>
    <Filter Include="Engine\Camera">
      <UniqueIdentifier>{d1b11abc-e6bd-4915-ba37-c8d9c5b2504f}</UniqueIdentifier>
    </Filter>
    <Filter Include="Engine\Common">
      <UniqueIdentifier>{b58a90b1-47d7-41d5-99a5-1f0dba8d74ee}</UniqueIdentifier>
    </Filter>
    <Filter Include="Engine\Component">
      <UniqueIdentifier>{af8cb290-fd56-4e3b-baf7-b66936e423fb}</UniqueIdentifier>
    </Filter>
    <Filter Include="Engine\GameObject">
      <UniqueIdentifier>{f760c9a3-45fa-4b3b-b74c-73b4eb0372eb}</UniqueIdentifier>
    </Filter>
    <Filter Include="main">
      <UniqueIdentifier>{a1dab0df-ce36-40d0-9fcc-930081bdbded}</UniqueIdentifier>
    </Filter>
    <Filter Include="Engine\Input">
      <UniqueIdentifier>{259024a1-32f9-4e99-9072-9b7152d0838f}</UniqueIdentifier>
    </Filter>
    <Filter Include="Engine\Layer">
      <UniqueIdentifier>{301c7abb-3c62-4541-9287-bdc7057385b8}</UniqueIdentifier>
    </Filter>
    <Filter Include="Engine\Resource">
      <UniqueIdentifier>{144fe912-9cbb-45f6-bfdb-94880424d955}</UniqueIdentifier>
    </Filter>
    <Filter Include="Engine\Scene">
      <UniqueIdentifier>{729491c6-c5ba-4952-b55c-c52dcc6c5b1a}</UniqueIdentifier>
    </Filter>
    <Filter Include="Engine\Time">
      <UniqueIdentifier>{6f85fd96-c60d-4bdc-b864-92b0d2d65c24}</UniqueIdentifier>
    </Filter>
    <Filter Include="Engine\High Level Interface">
      <UniqueIdentifier>{71bb8d76-4cde-4532-83dd-df93392e392b}</UniqueIdentifier>
    </Filter>
    <Filter Include="Engine\Component\Collider">
      <UniqueIdentifier>{e99e21d2-0269-408a-a9ca-62a09ef5e2ad}</UniqueIdentifier>
    </Filter>
    <Filter Include="Engine\Component\Sprites">
      <UniqueIdentifier>{7182a8e8-1768-4886-96b1-384c4bdee201}</UniqueIdentifier>
    </Filter>
    <Filter Include="Engine\Component\Sprites\Animator">
      <UniqueIdentifier>{3c58dc06-9ff5-4884-96e5-87dc162bdbdb}</UniqueIdentifier>
    </Filter>
    <Filter Include="Contents\Scene">
      <UniqueIdentifier>{aedea299-4152-4572-a610-c429d256939e}</UniqueIdentifier>
    </Filter>
    <Filter Include="Contents\Characters">
      <UniqueIdentifier>{44e46fb7-c7f5-4f5f-b1ea-2b1d166b6571}</UniqueIdentifier>
    </Filter>
    <Filter Include="Contents\Background">
      <UniqueIdentifier>{cb1d7920-32e3-4217-b6ef-fd4585aa826c}</UniqueIdentifier>
    </Filter>
  </ItemGroup>
  <ItemGroup>
    <ClInclude Include="FridayNightFunkin%27.h">
      <Filter>main</Filter>
    </ClInclude>
    <ClInclude Include="framework.h">
      <Filter>main</Filter>
    </ClInclude>
    <ClInclude Include="targetver.h">
      <Filter>main</Filter>
    </ClInclude>
    <ClInclude Include="Resource.h">
      <Filter>main</Filter>
    </ClInclude>
    <ClInclude Include="LApplication.h">
      <Filter>Engine\High Level Interface</Filter>
    </ClInclude>
    <ClInclude Include="LCamera.h">
      <Filter>Engine\Camera</Filter>
    </ClInclude>
    <ClInclude Include="LCollider.h">
      <Filter>Engine\Component\Collider</Filter>
    </ClInclude>
    <ClInclude Include="LAnimation.h">
      <Filter>Engine\Component\Sprites\Animator</Filter>
    </ClInclude>
    <ClInclude Include="LAnimator.h">
      <Filter>Engine\Component\Sprites\Animator</Filter>
    </ClInclude>
    <ClInclude Include="LCollisionManager.h">
      <Filter>Engine\Component\Collider</Filter>
    </ClInclude>
    <ClInclude Include="LComponent.h">
      <Filter>Engine\Component</Filter>
    </ClInclude>
    <ClInclude Include="LEntity.h">
      <Filter>Engine\Common</Filter>
    </ClInclude>
    <ClInclude Include="LEnums.h">
      <Filter>Engine\Common</Filter>
    </ClInclude>
    <ClInclude Include="LGameObject.h">
      <Filter>Engine\GameObject</Filter>
    </ClInclude>
    <ClInclude Include="LImage.h">
      <Filter>Engine\Resource</Filter>
    </ClInclude>
    <ClInclude Include="LInput.h">
      <Filter>Engine\Input</Filter>
    </ClInclude>
    <ClInclude Include="LLayer.h">
      <Filter>Engine\Layer</Filter>
    </ClInclude>
    <ClInclude Include="LMath.h">
      <Filter>Engine\Common</Filter>
    </ClInclude>
    <ClInclude Include="LuciEngine.h">
      <Filter>Engine\Common</Filter>
    </ClInclude>
    <ClInclude Include="LObject.h">
      <Filter>Engine\GameObject</Filter>
    </ClInclude>
    <ClInclude Include="LResource.h">
      <Filter>Engine\Resource</Filter>
    </ClInclude>
    <ClInclude Include="LResources.h">
      <Filter>Engine\Resource</Filter>
    </ClInclude>
    <ClInclude Include="LScene.h">
      <Filter>Engine\Scene</Filter>
    </ClInclude>
    <ClInclude Include="LSceneManager.h">
      <Filter>Engine\Scene</Filter>
    </ClInclude>
    <ClInclude Include="LTime.h">
      <Filter>Engine\Time</Filter>
    </ClInclude>
    <ClInclude Include="LTransform.h">
      <Filter>Engine\Component</Filter>
    </ClInclude>
    <ClInclude Include="LSpriteRenderer.h">
      <Filter>Engine\Component</Filter>
    </ClInclude>
    <ClInclude Include="LSprite.h">
      <Filter>Engine\Component\Sprites</Filter>
    </ClInclude>
    <ClInclude Include="LBoyfriend.h">
      <Filter>Contents\Characters</Filter>
    </ClInclude>
    <ClInclude Include="LSinger.h">
      <Filter>Contents\Characters</Filter>
    </ClInclude>
    <ClInclude Include="LTutorialScene.h">
      <Filter>Contents\Scene</Filter>
    </ClInclude>
    <ClInclude Include="LStageBG.h">
      <Filter>Contents\Background</Filter>
    </ClInclude>
  </ItemGroup>
  <ItemGroup>
    <ResourceCompile Include="FridayNightFunkin%27.rc">
      <Filter>리소스 파일</Filter>
    </ResourceCompile>
  </ItemGroup>
  <ItemGroup>
    <Image Include="small.ico">
      <Filter>리소스 파일</Filter>
    </Image>
    <Image Include="FridayNightFunkin%27.ico">
      <Filter>리소스 파일</Filter>
    </Image>
  </ItemGroup>
  <ItemGroup>
    <ClCompile Include="main.cpp">
      <Filter>main</Filter>
    </ClCompile>
    <ClCompile Include="LApplication.cpp">
      <Filter>Engine\High Level Interface</Filter>
    </ClCompile>
    <ClCompile Include="LCamera.cpp">
      <Filter>Engine\Camera</Filter>
    </ClCompile>
    <ClCompile Include="LCollider.cpp">
      <Filter>Engine\Component\Collider</Filter>
    </ClCompile>
    <ClCompile Include="LAnimation.cpp">
      <Filter>Engine\Component\Sprites\Animator</Filter>
    </ClCompile>
    <ClCompile Include="LAnimator.cpp">
      <Filter>Engine\Component\Sprites\Animator</Filter>
    </ClCompile>
    <ClCompile Include="LCollisionManager.cpp">
      <Filter>Engine\Component\Collider</Filter>
    </ClCompile>
    <ClCompile Include="LComponent.cpp">
      <Filter>Engine\Component</Filter>
    </ClCompile>
    <ClCompile Include="LEntity.cpp">
      <Filter>Engine\Common</Filter>
    </ClCompile>
    <ClCompile Include="LGameObject.cpp">
      <Filter>Engine\GameObject</Filter>
    </ClCompile>
    <ClCompile Include="LImage.cpp">
      <Filter>Engine\Resource</Filter>
    </ClCompile>
    <ClCompile Include="LInput.cpp">
      <Filter>Engine\Input</Filter>
    </ClCompile>
    <ClCompile Include="LLayer.cpp">
      <Filter>Engine\Layer</Filter>
    </ClCompile>
    <ClCompile Include="LMath.cpp">
      <Filter>Engine\Common</Filter>
    </ClCompile>
    <ClCompile Include="LResource.cpp">
      <Filter>Engine\Resource</Filter>
    </ClCompile>
    <ClCompile Include="LResources.cpp">
      <Filter>Engine\Resource</Filter>
    </ClCompile>
    <ClCompile Include="LScene.cpp">
      <Filter>Engine\Scene</Filter>
    </ClCompile>
    <ClCompile Include="LSceneManager.cpp">
      <Filter>Engine\Scene</Filter>
    </ClCompile>
    <ClCompile Include="LTime.cpp">
      <Filter>Engine\Time</Filter>
    </ClCompile>
    <ClCompile Include="LTransform.cpp">
      <Filter>Engine\Component</Filter>
    </ClCompile>
    <ClCompile Include="LSpriteRenderer.cpp">
      <Filter>Engine\Component\Sprites</Filter>
    </ClCompile>
    <ClCompile Include="LBoyfriend.cpp">
      <Filter>Contents\Characters</Filter>
    </ClCompile>
    <ClCompile Include="LSinger.cpp">
      <Filter>Contents\Characters</Filter>
    </ClCompile>
    <ClCompile Include="LTutorialScene.cpp">
      <Filter>Contents\Scene</Filter>
    </ClCompile>
    <ClCompile Include="LStageBG.cpp">
      <Filter>Contents\Background</Filter>
    </ClCompile>
  </ItemGroup>
</Project>